
Microsoft Visual Studio Solution File, Format Version 12.00
# Visual Studio Version 17
VisualStudioVersion = 17.7.34018.315
MinimumVisualStudioVersion = 10.0.40219.1
Project("{8BC9CEB8-8B4A-11D0-8D11-00A0C91BC942}") = "NestedWhileLoops", "NestedWhileLoops.vcxproj", "{2A803B71-E1A6-4F6B-BB24-AF5A1C775CCC}"
EndProject
Global
	GlobalSection(SolutionConfigurationPlatforms) = preSolution
		Debug|x64 = Debug|x64
		Debug|x86 = Debug|x86
		Release|x64 = Release|x64
		Release|x86 = Release|x86
	EndGlobalSection
	GlobalSection(ProjectConfigurationPlatforms) = postSolution
		{2A803B71-E1A6-4F6B-BB24-AF5A1C775CCC}.Debug|x64.ActiveCfg = Debug|x64
		{2A803B71-E1A6-4F6B-BB24-AF5A1C775CCC}.Debug|x64.Build.0 = Debug|x64
		{2A803B71-E1A6-4F6B-BB24-AF5A1C775CCC}.Debug|x86.ActiveCfg = Debug|Win32
		{2A803B71-E1A6-4F6B-BB24-AF5A1C775CCC}.Debug|x86.Build.0 = Debug|Win32
		{2A803B71-E1A6-4F6B-BB24-AF5A1C775CCC}.Release|x64.ActiveCfg = Release|x64
		{2A803B71-E1A6-4F6B-BB24-AF5A1C775CCC}.Release|x64.Build.0 = Release|x64
		{2A803B71-E1A6-4F6B-BB24-AF5A1C775CCC}.Release|x86.ActiveCfg = Release|Win32
		{2A803B71-E1A6-4F6B-BB24-AF5A1C775CCC}.Release|x86.Build.0 = Release|Win32
	EndGlobalSection
	GlobalSection(SolutionProperties) = preSolution
		HideSolutionNode = FALSE
	EndGlobalSection
	GlobalSection(ExtensibilityGlobals) = postSolution
		SolutionGuid = {1FE31B1F-C1EB-46C7-A442-03B208C8D3F5}
	EndGlobalSection
EndGlobal
