
Microsoft Visual Studio Solution File, Format Version 12.00
# Visual Studio Version 17
VisualStudioVersion = 17.7.34018.315
MinimumVisualStudioVersion = 10.0.40219.1
Project("{8BC9CEB8-8B4A-11D0-8D11-00A0C91BC942}") = "SelectionSort", "SelectionSort.vcxproj", "{F4107669-EB98-4E6F-9B78-32F5B6DA90A2}"
EndProject
Global
	GlobalSection(SolutionConfigurationPlatforms) = preSolution
		Debug|x64 = Debug|x64
		Debug|x86 = Debug|x86
		Release|x64 = Release|x64
		Release|x86 = Release|x86
	EndGlobalSection
	GlobalSection(ProjectConfigurationPlatforms) = postSolution
		{F4107669-EB98-4E6F-9B78-32F5B6DA90A2}.Debug|x64.ActiveCfg = Debug|x64
		{F4107669-EB98-4E6F-9B78-32F5B6DA90A2}.Debug|x64.Build.0 = Debug|x64
		{F4107669-EB98-4E6F-9B78-32F5B6DA90A2}.Debug|x86.ActiveCfg = Debug|Win32
		{F4107669-EB98-4E6F-9B78-32F5B6DA90A2}.Debug|x86.Build.0 = Debug|Win32
		{F4107669-EB98-4E6F-9B78-32F5B6DA90A2}.Release|x64.ActiveCfg = Release|x64
		{F4107669-EB98-4E6F-9B78-32F5B6DA90A2}.Release|x64.Build.0 = Release|x64
		{F4107669-EB98-4E6F-9B78-32F5B6DA90A2}.Release|x86.ActiveCfg = Release|Win32
		{F4107669-EB98-4E6F-9B78-32F5B6DA90A2}.Release|x86.Build.0 = Release|Win32
	EndGlobalSection
	GlobalSection(SolutionProperties) = preSolution
		HideSolutionNode = FALSE
	EndGlobalSection
	GlobalSection(ExtensibilityGlobals) = postSolution
		SolutionGuid = {B4D3B4B7-C099-456B-9FCE-760E1A777696}
	EndGlobalSection
EndGlobal
