
Microsoft Visual Studio Solution File, Format Version 12.00
# Visual Studio Version 17
VisualStudioVersion = 17.7.34018.315
MinimumVisualStudioVersion = 10.0.40219.1
Project("{8BC9CEB8-8B4A-11D0-8D11-00A0C91BC942}") = "ImprovedBall", "ImprovedBall.vcxproj", "{266E5F72-E5EB-4D08-8D2C-3AE47429AD3F}"
EndProject
Global
	GlobalSection(SolutionConfigurationPlatforms) = preSolution
		Debug|x64 = Debug|x64
		Debug|x86 = Debug|x86
		Release|x64 = Release|x64
		Release|x86 = Release|x86
	EndGlobalSection
	GlobalSection(ProjectConfigurationPlatforms) = postSolution
		{266E5F72-E5EB-4D08-8D2C-3AE47429AD3F}.Debug|x64.ActiveCfg = Debug|x64
		{266E5F72-E5EB-4D08-8D2C-3AE47429AD3F}.Debug|x64.Build.0 = Debug|x64
		{266E5F72-E5EB-4D08-8D2C-3AE47429AD3F}.Debug|x86.ActiveCfg = Debug|Win32
		{266E5F72-E5EB-4D08-8D2C-3AE47429AD3F}.Debug|x86.Build.0 = Debug|Win32
		{266E5F72-E5EB-4D08-8D2C-3AE47429AD3F}.Release|x64.ActiveCfg = Release|x64
		{266E5F72-E5EB-4D08-8D2C-3AE47429AD3F}.Release|x64.Build.0 = Release|x64
		{266E5F72-E5EB-4D08-8D2C-3AE47429AD3F}.Release|x86.ActiveCfg = Release|Win32
		{266E5F72-E5EB-4D08-8D2C-3AE47429AD3F}.Release|x86.Build.0 = Release|Win32
	EndGlobalSection
	GlobalSection(SolutionProperties) = preSolution
		HideSolutionNode = FALSE
	EndGlobalSection
	GlobalSection(ExtensibilityGlobals) = postSolution
		SolutionGuid = {57DAF54B-8CD1-42FA-9B8A-B44D1834D57F}
	EndGlobalSection
EndGlobal
